// !$*UTF8*$!
{
	archiveVersion = 1;
	classes = {
	};
	objectVersion = 46;
	objects = {

/* Begin PBXBuildFile section */
		44AF22CF1DA306D400965DF6 /* main.c in Sources */ = {isa = PBXBuildFile; fileRef = 44AF22CE1DA306D400965DF6 /* main.c */; };
		44AF22D71DA3075600965DF6 /* functions.c in Sources */ = {isa = PBXBuildFile; fileRef = 44AF22D51DA3075600965DF6 /* functions.c */; };
		44AF22DA1DA31C0600965DF6 /* stnImgOperaters.c in Sources */ = {isa = PBXBuildFile; fileRef = 44AF22D81DA31C0600965DF6 /* stnImgOperaters.c */; };
		44AF22DD1DA588CA00965DF6 /* stnCurvatureAlg.c in Sources */ = {isa = PBXBuildFile; fileRef = 44AF22DB1DA588CA00965DF6 /* stnCurvatureAlg.c */; };
/* End PBXBuildFile section */

/* Begin PBXCopyFilesBuildPhase section */
		44AF22C91DA306D400965DF6 /* CopyFiles */ = {
			isa = PBXCopyFilesBuildPhase;
			buildActionMask = 2147483647;
			dstPath = /usr/share/man/man1/;
			dstSubfolderSpec = 0;
			files = (
			);
			runOnlyForDeploymentPostprocessing = 1;
		};
/* End PBXCopyFilesBuildPhase section */

/* Begin PBXFileReference section */
		44AF22CB1DA306D400965DF6 /* pupilAlg */ = {isa = PBXFileReference; explicitFileType = "compiled.mach-o.executable"; includeInIndex = 0; path = pupilAlg; sourceTree = BUILT_PRODUCTS_DIR; };
		44AF22CE1DA306D400965DF6 /* main.c */ = {isa = PBXFileReference; lastKnownFileType = sourcecode.c.c; path = main.c; sourceTree = "<group>"; };
		44AF22D51DA3075600965DF6 /* functions.c */ = {isa = PBXFileReference; fileEncoding = 4; lastKnownFileType = sourcecode.c.c; path = functions.c; sourceTree = "<group>"; };
		44AF22D61DA3075600965DF6 /* functions.h */ = {isa = PBXFileReference; fileEncoding = 4; lastKnownFileType = sourcecode.c.h; path = functions.h; sourceTree = "<group>"; };
		44AF22D81DA31C0600965DF6 /* stnImgOperaters.c */ = {isa = PBXFileReference; fileEncoding = 4; lastKnownFileType = sourcecode.c.c; path = stnImgOperaters.c; sourceTree = "<group>"; };
		44AF22D91DA31C0600965DF6 /* stnImgOperaters.h */ = {isa = PBXFileReference; fileEncoding = 4; lastKnownFileType = sourcecode.c.h; path = stnImgOperaters.h; sourceTree = "<group>"; };
		44AF22DB1DA588CA00965DF6 /* stnCurvatureAlg.c */ = {isa = PBXFileReference; fileEncoding = 4; lastKnownFileType = sourcecode.c.c; path = stnCurvatureAlg.c; sourceTree = "<group>"; };
		44AF22DC1DA588CA00965DF6 /* stnCurvatureAlg.h */ = {isa = PBXFileReference; fileEncoding = 4; lastKnownFileType = sourcecode.c.h; path = stnCurvatureAlg.h; sourceTree = "<group>"; };
/* End PBXFileReference section */

/* Begin PBXFrameworksBuildPhase section */
		44AF22C81DA306D400965DF6 /* Frameworks */ = {
			isa = PBXFrameworksBuildPhase;
			buildActionMask = 2147483647;
			files = (
			);
			runOnlyForDeploymentPostprocessing = 0;
		};
/* End PBXFrameworksBuildPhase section */

/* Begin PBXGroup section */
		44AF22C21DA306D400965DF6 = {
			isa = PBXGroup;
			children = (
				44AF22CD1DA306D400965DF6 /* pupilAlg */,
				44AF22CC1DA306D400965DF6 /* Products */,
			);
			sourceTree = "<group>";
		};
		44AF22CC1DA306D400965DF6 /* Products */ = {
			isa = PBXGroup;
			children = (
				44AF22CB1DA306D400965DF6 /* pupilAlg */,
			);
			name = Products;
			sourceTree = "<group>";
		};
		44AF22CD1DA306D400965DF6 /* pupilAlg */ = {
			isa = PBXGroup;
			children = (
				44AF22D51DA3075600965DF6 /* functions.c */,
				44AF22D61DA3075600965DF6 /* functions.h */,
				44AF22CE1DA306D400965DF6 /* main.c */,
				44AF22D81DA31C0600965DF6 /* stnImgOperaters.c */,
				44AF22D91DA31C0600965DF6 /* stnImgOperaters.h */,
				44AF22DB1DA588CA00965DF6 /* stnCurvatureAlg.c */,
				44AF22DC1DA588CA00965DF6 /* stnCurvatureAlg.h */,
			);
			path = pupilAlg;
			sourceTree = "<group>";
		};
/* End PBXGroup section */

/* Begin PBXNativeTarget section */
		44AF22CA1DA306D400965DF6 /* pupilAlg */ = {
			isa = PBXNativeTarget;
			buildConfigurationList = 44AF22D21DA306D400965DF6 /* Build configuration list for PBXNativeTarget "pupilAlg" */;
			buildPhases = (
				44AF22C71DA306D400965DF6 /* Sources */,
				44AF22C81DA306D400965DF6 /* Frameworks */,
				44AF22C91DA306D400965DF6 /* CopyFiles */,
			);
			buildRules = (
			);
			dependencies = (
			);
			name = pupilAlg;
			productName = pupilAlg;
			productReference = 44AF22CB1DA306D400965DF6 /* pupilAlg */;
			productType = "com.apple.product-type.tool";
		};
/* End PBXNativeTarget section */

/* Begin PBXProject section */
		44AF22C31DA306D400965DF6 /* Project object */ = {
			isa = PBXProject;
			attributes = {
				LastUpgradeCheck = 0800;
				ORGANIZATIONNAME = "Star Chen";
				TargetAttributes = {
					44AF22CA1DA306D400965DF6 = {
						CreatedOnToolsVersion = 8.0;
						ProvisioningStyle = Automatic;
					};
				};
			};
			buildConfigurationList = 44AF22C61DA306D400965DF6 /* Build configuration list for PBXProject "pupilAlg" */;
			compatibilityVersion = "Xcode 3.2";
			developmentRegion = English;
			hasScannedForEncodings = 0;
			knownRegions = (
				en,
			);
			mainGroup = 44AF22C21DA306D400965DF6;
			productRefGroup = 44AF22CC1DA306D400965DF6 /* Products */;
			projectDirPath = "";
			projectRoot = "";
			targets = (
				44AF22CA1DA306D400965DF6 /* pupilAlg */,
			);
		};
/* End PBXProject section */

/* Begin PBXSourcesBuildPhase section */
		44AF22C71DA306D400965DF6 /* Sources */ = {
			isa = PBXSourcesBuildPhase;
			buildActionMask = 2147483647;
			files = (
				44AF22DD1DA588CA00965DF6 /* stnCurvatureAlg.c in Sources */,
				44AF22DA1DA31C0600965DF6 /* stnImgOperaters.c in Sources */,
				44AF22CF1DA306D400965DF6 /* main.c in Sources */,
				44AF22D71DA3075600965DF6 /* functions.c in Sources */,
			);
			runOnlyForDeploymentPostprocessing = 0;
		};
/* End PBXSourcesBuildPhase section */

/* Begin XCBuildConfiguration section */
		44AF22D01DA306D400965DF6 /* Debug */ = {
			isa = XCBuildConfiguration;
			buildSettings = {
				ALWAYS_SEARCH_USER_PATHS = NO;
				CLANG_ANALYZER_NONNULL = YES;
				CLANG_CXX_LANGUAGE_STANDARD = "gnu++0x";
				CLANG_CXX_LIBRARY = "libc++";
				CLANG_ENABLE_MODULES = YES;
				CLANG_ENABLE_OBJC_ARC = YES;
				CLANG_WARN_BOOL_CONVERSION = YES;
				CLANG_WARN_CONSTANT_CONVERSION = YES;
				CLANG_WARN_DIRECT_OBJC_ISA_USAGE = YES_ERROR;
				CLANG_WARN_DOCUMENTATION_COMMENTS = YES;
				CLANG_WARN_EMPTY_BODY = YES;
				CLANG_WARN_ENUM_CONVERSION = YES;
				CLANG_WARN_INFINITE_RECURSION = YES;
				CLANG_WARN_INT_CONVERSION = YES;
				CLANG_WARN_OBJC_ROOT_CLASS = YES_ERROR;
				CLANG_WARN_SUSPICIOUS_MOVES = YES;
				CLANG_WARN_UNREACHABLE_CODE = YES;
				CLANG_WARN__DUPLICATE_METHOD_MATCH = YES;
				CODE_SIGN_IDENTITY = "-";
				COPY_PHASE_STRIP = NO;
				DEBUG_INFORMATION_FORMAT = dwarf;
				ENABLE_STRICT_OBJC_MSGSEND = YES;
				ENABLE_TESTABILITY = YES;
				GCC_C_LANGUAGE_STANDARD = gnu99;
				GCC_DYNAMIC_NO_PIC = NO;
				GCC_NO_COMMON_BLOCKS = YES;
				GCC_OPTIMIZATION_LEVEL = 0;
				GCC_PREPROCESSOR_DEFINITIONS = (
					"DEBUG=1",
					"$(inherited)",
				);
				GCC_WARN_64_TO_32_BIT_CONVERSION = YES;
				GCC_WARN_ABOUT_RETURN_TYPE = YES_ERROR;
				GCC_WARN_UNDECLARED_SELECTOR = YES;
				GCC_WARN_UNINITIALIZED_AUTOS = YES_AGGRESSIVE;
				GCC_WARN_UNUSED_FUNCTION = YES;
				GCC_WARN_UNUSED_VARIABLE = YES;
				MACOSX_DEPLOYMENT_TARGET = 10.11;
				MTL_ENABLE_DEBUG_INFO = YES;
				ONLY_ACTIVE_ARCH = YES;
				SDKROOT = macosx;
			};
			name = Debug;
		};
		44AF22D11DA306D400965DF6 /* Release */ = {
			isa = XCBuildConfiguration;
			buildSettings = {
				ALWAYS_SEARCH_USER_PATHS = NO;
				CLANG_ANALYZER_NONNULL = YES;
				CLANG_CXX_LANGUAGE_STANDARD = "gnu++0x";
				CLANG_CXX_LIBRARY = "libc++";
				CLANG_ENABLE_MODULES = YES;
				CLANG_ENABLE_OBJC_ARC = YES;
				CLANG_WARN_BOOL_CONVERSION = YES;
				CLANG_WARN_CONSTANT_CONVERSION = YES;
				CLANG_WARN_DIRECT_OBJC_ISA_USAGE = YES_ERROR;
				CLANG_WARN_DOCUMENTATION_COMMENTS = YES;
				CLANG_WARN_EMPTY_BODY = YES;
				CLANG_WARN_ENUM_CONVERSION = YES;
				CLANG_WARN_INFINITE_RECURSION = YES;
				CLANG_WARN_INT_CONVERSION = YES;
				CLANG_WARN_OBJC_ROOT_CLASS = YES_ERROR;
				CLANG_WARN_SUSPICIOUS_MOVES = YES;
				CLANG_WARN_UNREACHABLE_CODE = YES;
				CLANG_WARN__DUPLICATE_METHOD_MATCH = YES;
				CODE_SIGN_IDENTITY = "-";
				COPY_PHASE_STRIP = NO;
				DEBUG_INFORMATION_FORMAT = "dwarf-with-dsym";
				ENABLE_NS_ASSERTIONS = NO;
				ENABLE_STRICT_OBJC_MSGSEND = YES;
				GCC_C_LANGUAGE_STANDARD = gnu99;
				GCC_NO_COMMON_BLOCKS = YES;
				GCC_WARN_64_TO_32_BIT_CONVERSION = YES;
				GCC_WARN_ABOUT_RETURN_TYPE = YES_ERROR;
				GCC_WARN_UNDECLARED_SELECTOR = YES;
				GCC_WARN_UNINITIALIZED_AUTOS = YES_AGGRESSIVE;
				GCC_WARN_UNUSED_FUNCTION = YES;
				GCC_WARN_UNUSED_VARIABLE = YES;
				MACOSX_DEPLOYMENT_TARGET = 10.11;
				MTL_ENABLE_DEBUG_INFO = NO;
				SDKROOT = macosx;
			};
			name = Release;
		};
		44AF22D31DA306D400965DF6 /* Debug */ = {
			isa = XCBuildConfiguration;
			buildSettings = {
				PRODUCT_NAME = "$(TARGET_NAME)";
			};
			name = Debug;
		};
		44AF22D41DA306D400965DF6 /* Release */ = {
			isa = XCBuildConfiguration;
			buildSettings = {
				PRODUCT_NAME = "$(TARGET_NAME)";
			};
			name = Release;
		};
/* End XCBuildConfiguration section */

/* Begin XCConfigurationList section */
		44AF22C61DA306D400965DF6 /* Build configuration list for PBXProject "pupilAlg" */ = {
			isa = XCConfigurationList;
			buildConfigurations = (
				44AF22D01DA306D400965DF6 /* Debug */,
				44AF22D11DA306D400965DF6 /* Release */,
			);
			defaultConfigurationIsVisible = 0;
			defaultConfigurationName = Release;
		};
		44AF22D21DA306D400965DF6 /* Build configuration list for PBXNativeTarget "pupilAlg" */ = {
			isa = XCConfigurationList;
			buildConfigurations = (
				44AF22D31DA306D400965DF6 /* Debug */,
				44AF22D41DA306D400965DF6 /* Release */,
			);
			defaultConfigurationIsVisible = 0;
			defaultConfigurationName = Release;
		};
/* End XCConfigurationList section */
	};
	rootObject = 44AF22C31DA306D400965DF6 /* Project object */;
}
